
Microsoft Visual Studio Solution File, Format Version 12.00
# Visual Studio Version 17
VisualStudioVersion = 17.10.34928.147
MinimumVisualStudioVersion = 10.0.40219.1
Project("{FAE04EC0-301F-11D3-BF4B-00C04F79EFBC}") = "WikipediaDemo", "WikipediaDemo.csproj", "{5127985D-28A8-4B27-AE6B-9F4281534B6F}"
EndProject
Project("{FAE04EC0-301F-11D3-BF4B-00C04F79EFBC}") = "FirstTest", "..\FirstTest\FirstTest.csproj", "{E604B899-2B1C-4F62-B08F-51FE8C9EAA40}"
EndProject
Project("{FAE04EC0-301F-11D3-BF4B-00C04F79EFBC}") = "Locators", "..\Locators\Locators.csproj", "{6ADB4250-0D30-43D2-A6DB-CA29DE10EABA}"
EndProject
Project("{FAE04EC0-301F-11D3-BF4B-00C04F79EFBC}") = "LocatorsWithAssertions", "..\LocatorsWithAssertions\LocatorsWithAssertions.csproj", "{1EC87C75-BD38-4CA8-99D1-92FE8D2C3F46}"
EndProject
Project("{FAE04EC0-301F-11D3-BF4B-00C04F79EFBC}") = "FillTheForm", "..\FillTheForm\FillTheForm.csproj", "{C9B3DC6D-ECD9-4A3E-9093-F4BC3E19A6EC}"
EndProject
Global
	GlobalSection(SolutionConfigurationPlatforms) = preSolution
		Debug|Any CPU = Debug|Any CPU
		Release|Any CPU = Release|Any CPU
	EndGlobalSection
	GlobalSection(ProjectConfigurationPlatforms) = postSolution
		{5127985D-28A8-4B27-AE6B-9F4281534B6F}.Debug|Any CPU.ActiveCfg = Debug|Any CPU
		{5127985D-28A8-4B27-AE6B-9F4281534B6F}.Debug|Any CPU.Build.0 = Debug|Any CPU
		{5127985D-28A8-4B27-AE6B-9F4281534B6F}.Release|Any CPU.ActiveCfg = Release|Any CPU
		{5127985D-28A8-4B27-AE6B-9F4281534B6F}.Release|Any CPU.Build.0 = Release|Any CPU
		{E604B899-2B1C-4F62-B08F-51FE8C9EAA40}.Debug|Any CPU.ActiveCfg = Debug|Any CPU
		{E604B899-2B1C-4F62-B08F-51FE8C9EAA40}.Debug|Any CPU.Build.0 = Debug|Any CPU
		{E604B899-2B1C-4F62-B08F-51FE8C9EAA40}.Release|Any CPU.ActiveCfg = Release|Any CPU
		{E604B899-2B1C-4F62-B08F-51FE8C9EAA40}.Release|Any CPU.Build.0 = Release|Any CPU
		{6ADB4250-0D30-43D2-A6DB-CA29DE10EABA}.Debug|Any CPU.ActiveCfg = Debug|Any CPU
		{6ADB4250-0D30-43D2-A6DB-CA29DE10EABA}.Debug|Any CPU.Build.0 = Debug|Any CPU
		{6ADB4250-0D30-43D2-A6DB-CA29DE10EABA}.Release|Any CPU.ActiveCfg = Release|Any CPU
		{6ADB4250-0D30-43D2-A6DB-CA29DE10EABA}.Release|Any CPU.Build.0 = Release|Any CPU
		{1EC87C75-BD38-4CA8-99D1-92FE8D2C3F46}.Debug|Any CPU.ActiveCfg = Debug|Any CPU
		{1EC87C75-BD38-4CA8-99D1-92FE8D2C3F46}.Debug|Any CPU.Build.0 = Debug|Any CPU
		{1EC87C75-BD38-4CA8-99D1-92FE8D2C3F46}.Release|Any CPU.ActiveCfg = Release|Any CPU
		{1EC87C75-BD38-4CA8-99D1-92FE8D2C3F46}.Release|Any CPU.Build.0 = Release|Any CPU
		{C9B3DC6D-ECD9-4A3E-9093-F4BC3E19A6EC}.Debug|Any CPU.ActiveCfg = Debug|Any CPU
		{C9B3DC6D-ECD9-4A3E-9093-F4BC3E19A6EC}.Debug|Any CPU.Build.0 = Debug|Any CPU
		{C9B3DC6D-ECD9-4A3E-9093-F4BC3E19A6EC}.Release|Any CPU.ActiveCfg = Release|Any CPU
		{C9B3DC6D-ECD9-4A3E-9093-F4BC3E19A6EC}.Release|Any CPU.Build.0 = Release|Any CPU
	EndGlobalSection
	GlobalSection(SolutionProperties) = preSolution
		HideSolutionNode = FALSE
	EndGlobalSection
	GlobalSection(ExtensibilityGlobals) = postSolution
		SolutionGuid = {6F10EE2E-855A-4005-A7EA-0CA700F7D07D}
	EndGlobalSection
EndGlobal
