
Microsoft Visual Studio Solution File, Format Version 12.00
# Visual Studio Version 17
VisualStudioVersion = 17.10.35027.167
MinimumVisualStudioVersion = 10.0.40219.1
Project("{FAE04EC0-301F-11D3-BF4B-00C04F79EFBC}") = "Scroll", "Scroll\Scroll.csproj", "{F2065120-9A9C-44AF-BF49-9C60AAEDDE6A}"
EndProject
Project("{FAE04EC0-301F-11D3-BF4B-00C04F79EFBC}") = "Swipe", "Swipe\Swipe.csproj", "{07BB2918-A93F-49FD-999D-DEE560F37968}"
EndProject
Project("{FAE04EC0-301F-11D3-BF4B-00C04F79EFBC}") = "DragAndDrop", "DragAndDrop\DragAndDrop.csproj", "{D76E3BB4-D450-468D-9F92-76B591AB41D0}"
EndProject
Project("{FAE04EC0-301F-11D3-BF4B-00C04F79EFBC}") = "Sliding", "Sliding\Sliding.csproj", "{29857874-9BD9-4A47-8CD8-AE49E4B12164}"
EndProject
Project("{FAE04EC0-301F-11D3-BF4B-00C04F79EFBC}") = "ZoomInAndOut", "ZoomInAndOut\ZoomInAndOut.csproj", "{51A990EB-1EFC-4D0B-BA2E-74ED9B46AA80}"
EndProject
Global
	GlobalSection(SolutionConfigurationPlatforms) = preSolution
		Debug|Any CPU = Debug|Any CPU
		Release|Any CPU = Release|Any CPU
	EndGlobalSection
	GlobalSection(ProjectConfigurationPlatforms) = postSolution
		{F2065120-9A9C-44AF-BF49-9C60AAEDDE6A}.Debug|Any CPU.ActiveCfg = Debug|Any CPU
		{F2065120-9A9C-44AF-BF49-9C60AAEDDE6A}.Debug|Any CPU.Build.0 = Debug|Any CPU
		{F2065120-9A9C-44AF-BF49-9C60AAEDDE6A}.Release|Any CPU.ActiveCfg = Release|Any CPU
		{F2065120-9A9C-44AF-BF49-9C60AAEDDE6A}.Release|Any CPU.Build.0 = Release|Any CPU
		{07BB2918-A93F-49FD-999D-DEE560F37968}.Debug|Any CPU.ActiveCfg = Debug|Any CPU
		{07BB2918-A93F-49FD-999D-DEE560F37968}.Debug|Any CPU.Build.0 = Debug|Any CPU
		{07BB2918-A93F-49FD-999D-DEE560F37968}.Release|Any CPU.ActiveCfg = Release|Any CPU
		{07BB2918-A93F-49FD-999D-DEE560F37968}.Release|Any CPU.Build.0 = Release|Any CPU
		{D76E3BB4-D450-468D-9F92-76B591AB41D0}.Debug|Any CPU.ActiveCfg = Debug|Any CPU
		{D76E3BB4-D450-468D-9F92-76B591AB41D0}.Debug|Any CPU.Build.0 = Debug|Any CPU
		{D76E3BB4-D450-468D-9F92-76B591AB41D0}.Release|Any CPU.ActiveCfg = Release|Any CPU
		{D76E3BB4-D450-468D-9F92-76B591AB41D0}.Release|Any CPU.Build.0 = Release|Any CPU
		{29857874-9BD9-4A47-8CD8-AE49E4B12164}.Debug|Any CPU.ActiveCfg = Debug|Any CPU
		{29857874-9BD9-4A47-8CD8-AE49E4B12164}.Debug|Any CPU.Build.0 = Debug|Any CPU
		{29857874-9BD9-4A47-8CD8-AE49E4B12164}.Release|Any CPU.ActiveCfg = Release|Any CPU
		{29857874-9BD9-4A47-8CD8-AE49E4B12164}.Release|Any CPU.Build.0 = Release|Any CPU
		{51A990EB-1EFC-4D0B-BA2E-74ED9B46AA80}.Debug|Any CPU.ActiveCfg = Debug|Any CPU
		{51A990EB-1EFC-4D0B-BA2E-74ED9B46AA80}.Debug|Any CPU.Build.0 = Debug|Any CPU
		{51A990EB-1EFC-4D0B-BA2E-74ED9B46AA80}.Release|Any CPU.ActiveCfg = Release|Any CPU
		{51A990EB-1EFC-4D0B-BA2E-74ED9B46AA80}.Release|Any CPU.Build.0 = Release|Any CPU
	EndGlobalSection
	GlobalSection(SolutionProperties) = preSolution
		HideSolutionNode = FALSE
	EndGlobalSection
	GlobalSection(ExtensibilityGlobals) = postSolution
		SolutionGuid = {FFDBE83A-CA22-4A36-AC9A-ED2A8151D067}
	EndGlobalSection
EndGlobal
